
Microsoft Visual Studio Solution File, Format Version 12.00
# Visual Studio Version 17
VisualStudioVersion = 17.0.32014.148
MinimumVisualStudioVersion = 10.0.40219.1
Project("{9A19103F-16F7-4668-BE54-9A1E7A4F7556}") = "DynamicAuthorization.Mvc.Core", "src\DynamicAuthorization.Mvc.Core\DynamicAuthorization.Mvc.Core.csproj", "{89E57FDC-5AF7-4AAF-A40B-FBA91D41ECF4}"
EndProject
Project("{2150E333-8FDC-42A3-9474-1A3956D46DE8}") = "src", "src", "{A7EEBB7E-C64D-4475-93D0-872E080A4E03}"
EndProject
Project("{2150E333-8FDC-42A3-9474-1A3956D46DE8}") = "samples", "samples", "{BAAF9837-1DB5-4032-AB2A-2901E6EE6EF8}"
EndProject
Project("{2150E333-8FDC-42A3-9474-1A3956D46DE8}") = "test", "test", "{DF22D7D8-4CE9-4A0E-9D9B-FB5D6D637089}"
EndProject
Project("{9A19103F-16F7-4668-BE54-9A1E7A4F7556}") = "DynamicRoleBasedAuthorization.Tests", "test\DynamicRoleBasedAuthorization.Tests\DynamicRoleBasedAuthorization.Tests.csproj", "{0FC61895-DE38-4526-96EE-C6CB6AA92A3B}"
EndProject
Project("{2150E333-8FDC-42A3-9474-1A3956D46DE8}") = "net6", "net6", "{316BAD5C-847E-4BD5-AA4C-E272DD109D31}"
EndProject
Global
	GlobalSection(SolutionConfigurationPlatforms) = preSolution
		Debug|Any CPU = Debug|Any CPU
		Release|Any CPU = Release|Any CPU
	EndGlobalSection
	GlobalSection(ProjectConfigurationPlatforms) = postSolution
		{89E57FDC-5AF7-4AAF-A40B-FBA91D41ECF4}.Debug|Any CPU.ActiveCfg = Debug|Any CPU
		{89E57FDC-5AF7-4AAF-A40B-FBA91D41ECF4}.Debug|Any CPU.Build.0 = Debug|Any CPU
		{89E57FDC-5AF7-4AAF-A40B-FBA91D41ECF4}.Release|Any CPU.ActiveCfg = Release|Any CPU
		{89E57FDC-5AF7-4AAF-A40B-FBA91D41ECF4}.Release|Any CPU.Build.0 = Release|Any CPU
		{0FC61895-DE38-4526-96EE-C6CB6AA92A3B}.Debug|Any CPU.ActiveCfg = Debug|Any CPU
		{0FC61895-DE38-4526-96EE-C6CB6AA92A3B}.Debug|Any CPU.Build.0 = Debug|Any CPU
		{0FC61895-DE38-4526-96EE-C6CB6AA92A3B}.Release|Any CPU.ActiveCfg = Release|Any CPU
		{0FC61895-DE38-4526-96EE-C6CB6AA92A3B}.Release|Any CPU.Build.0 = Release|Any CPU
	EndGlobalSection
	GlobalSection(SolutionProperties) = preSolution
		HideSolutionNode = FALSE
	EndGlobalSection
	GlobalSection(NestedProjects) = preSolution
		{89E57FDC-5AF7-4AAF-A40B-FBA91D41ECF4} = {A7EEBB7E-C64D-4475-93D0-872E080A4E03}
		{0FC61895-DE38-4526-96EE-C6CB6AA92A3B} = {DF22D7D8-4CE9-4A0E-9D9B-FB5D6D637089}
		{316BAD5C-847E-4BD5-AA4C-E272DD109D31} = {BAAF9837-1DB5-4032-AB2A-2901E6EE6EF8}
	EndGlobalSection
	GlobalSection(ExtensibilityGlobals) = postSolution
		SolutionGuid = {18C80710-C9E9-488B-9100-1E4BF8B18038}
	EndGlobalSection
EndGlobal
